
Microsoft Visual Studio Solution File, Format Version 12.00
# Visual Studio Version 16
VisualStudioVersion = 16.0.31624.102
MinimumVisualStudioVersion = 10.0.40219.1
Project("{FAE04EC0-301F-11D3-BF4B-00C04F79EFBC}") = "uml", "uml\uml.csproj", "{E7136339-B406-48B7-A6A0-7D8A8BBDB418}"
EndProject
Global
	GlobalSection(SolutionConfigurationPlatforms) = preSolution
		Debug|Any CPU = Debug|Any CPU
		Release|Any CPU = Release|Any CPU
	EndGlobalSection
	GlobalSection(ProjectConfigurationPlatforms) = postSolution
		{E7136339-B406-48B7-A6A0-7D8A8BBDB418}.Debug|Any CPU.ActiveCfg = Debug|Any CPU
		{E7136339-B406-48B7-A6A0-7D8A8BBDB418}.Debug|Any CPU.Build.0 = Debug|Any CPU
		{E7136339-B406-48B7-A6A0-7D8A8BBDB418}.Release|Any CPU.ActiveCfg = Release|Any CPU
		{E7136339-B406-48B7-A6A0-7D8A8BBDB418}.Release|Any CPU.Build.0 = Release|Any CPU
	EndGlobalSection
	GlobalSection(SolutionProperties) = preSolution
		HideSolutionNode = FALSE
	EndGlobalSection
	GlobalSection(ExtensibilityGlobals) = postSolution
		SolutionGuid = {15EF38BA-8110-455C-AA9D-197723B0C2C7}
	EndGlobalSection
EndGlobal
